<?xml version="1.0" encoding="UTF-8"?>
<!DOCTYPE plist PUBLIC "-//Apple//DTD PLIST 1.0//EN" "http://www.apple.com/DTDs/PropertyList-1.0.dtd">
<plist version="1.0">
<dict>
	<key>archiveVersion</key>
	<string>1</string>
	<key>classes</key>
	<dict/>
	<key>objectVersion</key>
	<string>46</string>
	<key>objects</key>
	<dict>
		<key>1929B04272DA2D3531AA6A23</key>
		<dict>
			<key>children</key>
			<array>
				<string>1929B80572CA6503A34D8451</string>
				<string>1929BA31A16B6D938E61F2BC</string>
				<string>1929B0F083F879DDF3CB06DF</string>
				<string>1929BF9A4E7300E4617C5731</string>
			</array>
			<key>isa</key>
			<string>PBXGroup</string>
			<key>path</key>
			<string>CocoaCategories</string>
			<key>sourceTree</key>
			<string>&lt;group&gt;</string>
		</dict>
		<key>1929B0A2EC629C504BACA457</key>
		<dict>
			<key>fileEncoding</key>
			<string>4</string>
			<key>isa</key>
			<string>PBXFileReference</string>
			<key>lastKnownFileType</key>
			<string>sourcecode.c.objc</string>
			<key>path</key>
			<string>TBObjcPropertyTest.m</string>
			<key>sourceTree</key>
			<string>&lt;group&gt;</string>
		</dict>
		<key>1929B0F083F879DDF3CB06DF</key>
		<dict>
			<key>fileEncoding</key>
			<string>4</string>
			<key>isa</key>
			<string>PBXFileReference</string>
			<key>lastKnownFileType</key>
			<string>sourcecode.c.h</string>
			<key>path</key>
			<string>NSString+TBCacao.h</string>
			<key>sourceTree</key>
			<string>&lt;group&gt;</string>
		</dict>
		<key>1929B11469559769E3CD3007</key>
		<dict>
			<key>children</key>
			<array>
				<string>1929BAD9483574B476E3ECBF</string>
				<string>1929B1A662E9C11F26F07D74</string>
				<string>1929B1B9585C5787F3C686AB</string>
				<string>1929B34591FCD0E3B50F98F1</string>
				<string>1929B534082120C450BE0997</string>
				<string>1929B49FFFA119DE7F10AB2D</string>
				<string>1929BE769E53707A81CFF270</string>
				<string>1929B9DB7E237BBDFD9D4D2E</string>
				<string>1929BE832D5D0071F472B95E</string>
				<string>1929B186B8FECBE8907A47CC</string>
				<string>1929B36FA0EE07F9D8A2B639</string>
				<string>1929B9296038B62D0E778304</string>
				<string>1929BF57FB090A3053798031</string>
				<string>1929B3E3885E88C66B042611</string>
				<string>1929B8E8550FA86B82D6E9B4</string>
				<string>1929BA5A1C5D063244120555</string>
				<string>1929B7FB393AB02038C1EC56</string>
				<string>1929B9FE3773F98DEB454ED3</string>
				<string>1929B1FDA1EA8C918B31D3D5</string>
				<string>1929B13951369D9B7C23E08E</string>
			</array>
			<key>isa</key>
			<string>PBXGroup</string>
			<key>path</key>
			<string>DummyClasses</string>
			<key>sourceTree</key>
			<string>&lt;group&gt;</string>
		</dict>
		<key>1929B13951369D9B7C23E08E</key>
		<dict>
			<key>fileEncoding</key>
			<string>4</string>
			<key>isa</key>
			<string>PBXFileReference</string>
			<key>lastKnownFileType</key>
			<string>sourcecode.c.objc</string>
			<key>path</key>
			<string>DummyPropertyObject.m</string>
			<key>sourceTree</key>
			<string>&lt;group&gt;</string>
		</dict>
		<key>1929B186B8FECBE8907A47CC</key>
		<dict>
			<key>fileEncoding</key>
			<string>4</string>
			<key>isa</key>
			<string>PBXFileReference</string>
			<key>lastKnownFileType</key>
			<string>sourcecode.c.h</string>
			<key>path</key>
			<string>CoreDataManager.h</string>
			<key>sourceTree</key>
			<string>&lt;group&gt;</string>
		</dict>
		<key>1929B1A662E9C11F26F07D74</key>
		<dict>
			<key>fileEncoding</key>
			<string>4</string>
			<key>isa</key>
			<string>PBXFileReference</string>
			<key>lastKnownFileType</key>
			<string>sourcecode.c.objc</string>
			<key>path</key>
			<string>DummySeed.m</string>
			<key>sourceTree</key>
			<string>&lt;group&gt;</string>
		</dict>
		<key>1929B1B9585C5787F3C686AB</key>
		<dict>
			<key>fileEncoding</key>
			<string>4</string>
			<key>isa</key>
			<string>PBXFileReference</string>
			<key>lastKnownFileType</key>
			<string>sourcecode.c.h</string>
			<key>path</key>
			<string>AnotherManualBeanProvider.h</string>
			<key>sourceTree</key>
			<string>&lt;group&gt;</string>
		</dict>
		<key>1929B1FDA1EA8C918B31D3D5</key>
		<dict>
			<key>fileEncoding</key>
			<string>4</string>
			<key>isa</key>
			<string>PBXFileReference</string>
			<key>lastKnownFileType</key>
			<string>sourcecode.c.h</string>
			<key>path</key>
			<string>DummyPropertyObject.h</string>
			<key>sourceTree</key>
			<string>&lt;group&gt;</string>
		</dict>
		<key>1929B21B861E9FAD63FFDF75</key>
		<dict>
			<key>fileRef</key>
			<string>1929B7D257822DAA61930744</string>
			<key>isa</key>
			<string>PBXBuildFile</string>
		</dict>
		<key>1929B256428085E17C648139</key>
		<dict>
			<key>fileRef</key>
			<string>1929BDA63F75AFFECCBB324A</string>
			<key>isa</key>
			<string>PBXBuildFile</string>
			<key>settings</key>
			<dict>
				<key>ATTRIBUTES</key>
				<array>
					<string>Public</string>
				</array>
			</dict>
		</dict>
		<key>1929B2575DE1A367C666FF0F</key>
		<dict>
			<key>isa</key>
			<string>PBXFileReference</string>
			<key>lastKnownFileType</key>
			<string>wrapper.framework</string>
			<key>name</key>
			<string>XCTest.framework</string>
			<key>path</key>
			<string>Library/Frameworks/XCTest.framework</string>
			<key>sourceTree</key>
			<string>DEVELOPER_DIR</string>
		</dict>
		<key>1929B34591FCD0E3B50F98F1</key>
		<dict>
			<key>fileEncoding</key>
			<string>4</string>
			<key>isa</key>
			<string>PBXFileReference</string>
			<key>lastKnownFileType</key>
			<string>sourcecode.c.objc</string>
			<key>path</key>
			<string>AnotherManualBeanProvider.m</string>
			<key>sourceTree</key>
			<string>&lt;group&gt;</string>
		</dict>
		<key>1929B36FA0EE07F9D8A2B639</key>
		<dict>
			<key>fileEncoding</key>
			<string>4</string>
			<key>isa</key>
			<string>PBXFileReference</string>
			<key>lastKnownFileType</key>
			<string>sourcecode.c.objc</string>
			<key>path</key>
			<string>EntryDao.m</string>
			<key>sourceTree</key>
			<string>&lt;group&gt;</string>
		</dict>
		<key>1929B3CE9E24801BD878DF10</key>
		<dict>
			<key>fileRef</key>
			<string>1929BF9A4E7300E4617C5731</string>
			<key>isa</key>
			<string>PBXBuildFile</string>
		</dict>
		<key>1929B3E3885E88C66B042611</key>
		<dict>
			<key>fileEncoding</key>
			<string>4</string>
			<key>isa</key>
			<string>PBXFileReference</string>
			<key>lastKnownFileType</key>
			<string>sourcecode.c.h</string>
			<key>path</key>
			<string>EntryCoreDataManager.h</string>
			<key>sourceTree</key>
			<string>&lt;group&gt;</string>
		</dict>
		<key>1929B405089EF1AB609CB96F</key>
		<dict>
			<key>fileEncoding</key>
			<string>4</string>
			<key>isa</key>
			<string>PBXFileReference</string>
			<key>lastKnownFileType</key>
			<string>sourcecode.c.objc</string>
			<key>path</key>
			<string>TBContextTest.m</string>
			<key>sourceTree</key>
			<string>&lt;group&gt;</string>
		</dict>
		<key>1929B48C42A36BCE8A595CB2</key>
		<dict>
			<key>fileEncoding</key>
			<string>4</string>
			<key>isa</key>
			<string>PBXFileReference</string>
			<key>lastKnownFileType</key>
			<string>sourcecode.c.objc</string>
			<key>path</key>
			<string>TBBeanTest.m</string>
			<key>sourceTree</key>
			<string>&lt;group&gt;</string>
		</dict>
		<key>1929B49FFFA119DE7F10AB2D</key>
		<dict>
			<key>fileEncoding</key>
			<string>4</string>
			<key>isa</key>
			<string>PBXFileReference</string>
			<key>lastKnownFileType</key>
			<string>sourcecode.c.objc</string>
			<key>path</key>
			<string>DummyManualBeanProvider.m</string>
			<key>sourceTree</key>
			<string>&lt;group&gt;</string>
		</dict>
		<key>1929B534082120C450BE0997</key>
		<dict>
			<key>fileEncoding</key>
			<string>4</string>
			<key>isa</key>
			<string>PBXFileReference</string>
			<key>lastKnownFileType</key>
			<string>sourcecode.c.h</string>
			<key>path</key>
			<string>DummyManualBeanProvider.h</string>
			<key>sourceTree</key>
			<string>&lt;group&gt;</string>
		</dict>
		<key>1929B62AAC89714A54436655</key>
		<dict>
			<key>fileEncoding</key>
			<string>4</string>
			<key>isa</key>
			<string>PBXFileReference</string>
			<key>lastKnownFileType</key>
			<string>sourcecode.c.h</string>
			<key>path</key>
			<string>TBBean.h</string>
			<key>sourceTree</key>
			<string>&lt;group&gt;</string>
		</dict>
		<key>1929B65F79B2EBA05F4B217F</key>
		<dict>
			<key>fileEncoding</key>
			<string>4</string>
			<key>isa</key>
			<string>PBXFileReference</string>
			<key>lastKnownFileType</key>
			<string>sourcecode.c.h</string>
			<key>path</key>
			<string>TBObjcProperty.h</string>
			<key>sourceTree</key>
			<string>&lt;group&gt;</string>
		</dict>
		<key>1929B670C0AF6B460D35C044</key>
		<dict>
			<key>fileEncoding</key>
			<string>4</string>
			<key>isa</key>
			<string>PBXFileReference</string>
			<key>lastKnownFileType</key>
			<string>sourcecode.c.objc</string>
			<key>path</key>
			<string>NSStringCategoryTest.m</string>
			<key>sourceTree</key>
			<string>&lt;group&gt;</string>
		</dict>
		<key>1929B6DA0F472A7B98CEFD91</key>
		<dict>
			<key>fileEncoding</key>
			<string>4</string>
			<key>isa</key>
			<string>PBXFileReference</string>
			<key>lastKnownFileType</key>
			<string>sourcecode.c.h</string>
			<key>path</key>
			<string>TBCacaoTests-Prefix.pch</string>
			<key>sourceTree</key>
			<string>&lt;group&gt;</string>
		</dict>
		<key>1929B7D257822DAA61930744</key>
		<dict>
			<key>fileEncoding</key>
			<string>4</string>
			<key>isa</key>
			<string>PBXFileReference</string>
			<key>lastKnownFileType</key>
			<string>sourcecode.c.objc</string>
			<key>path</key>
			<string>TBObjcProperty.m</string>
			<key>sourceTree</key>
			<string>&lt;group&gt;</string>
		</dict>
		<key>1929B7FB393AB02038C1EC56</key>
		<dict>
			<key>fileEncoding</key>
			<string>4</string>
			<key>isa</key>
			<string>PBXFileReference</string>
			<key>lastKnownFileType</key>
			<string>sourcecode.c.h</string>
			<key>path</key>
			<string>DummyPlainSubObject.h</string>
			<key>sourceTree</key>
			<string>&lt;group&gt;</string>
		</dict>
		<key>1929B80572CA6503A34D8451</key>
		<dict>
			<key>fileEncoding</key>
			<string>4</string>
			<key>isa</key>
			<string>PBXFileReference</string>
			<key>lastKnownFileType</key>
			<string>sourcecode.c.h</string>
			<key>path</key>
			<string>NSObject+TBCacao.h</string>
			<key>sourceTree</key>
			<string>&lt;group&gt;</string>
		</dict>
		<key>1929B811E261592A3BF84B5A</key>
		<dict>
			<key>fileRef</key>
			<string>1929B6DA0F472A7B98CEFD91</string>
			<key>isa</key>
			<string>PBXBuildFile</string>
		</dict>
		<key>1929B8E8550FA86B82D6E9B4</key>
		<dict>
			<key>fileEncoding</key>
			<string>4</string>
			<key>isa</key>
			<string>PBXFileReference</string>
			<key>lastKnownFileType</key>
			<string>sourcecode.c.h</string>
			<key>path</key>
			<string>DummyPlainObject.h</string>
			<key>sourceTree</key>
			<string>&lt;group&gt;</string>
		</dict>
		<key>1929B90C2B879CA1727046F2</key>
		<dict>
			<key>fileEncoding</key>
			<string>4</string>
			<key>isa</key>
			<string>PBXFileReference</string>
			<key>lastKnownFileType</key>
			<string>sourcecode.c.h</string>
			<key>path</key>
			<string>TBInitializingBean.h</string>
			<key>sourceTree</key>
			<string>&lt;group&gt;</string>
		</dict>
		<key>1929B9296038B62D0E778304</key>
		<dict>
			<key>fileEncoding</key>
			<string>4</string>
			<key>isa</key>
			<string>PBXFileReference</string>
			<key>lastKnownFileType</key>
			<string>sourcecode.c.h</string>
			<key>path</key>
			<string>EntryDao.h</string>
			<key>sourceTree</key>
			<string>&lt;group&gt;</string>
		</dict>
		<key>1929B9DB7E237BBDFD9D4D2E</key>
		<dict>
			<key>fileEncoding</key>
			<string>4</string>
			<key>isa</key>
			<string>PBXFileReference</string>
			<key>lastKnownFileType</key>
			<string>sourcecode.c.h</string>
			<key>path</key>
			<string>BaseDao.h</string>
			<key>sourceTree</key>
			<string>&lt;group&gt;</string>
		</dict>
		<key>1929B9FE3773F98DEB454ED3</key>
		<dict>
			<key>fileEncoding</key>
			<string>4</string>
			<key>isa</key>
			<string>PBXFileReference</string>
			<key>lastKnownFileType</key>
			<string>sourcecode.c.objc</string>
			<key>path</key>
			<string>DummyPlainSubObject.m</string>
			<key>sourceTree</key>
			<string>&lt;group&gt;</string>
		</dict>
		<key>1929BA31A16B6D938E61F2BC</key>
		<dict>
			<key>fileEncoding</key>
			<string>4</string>
			<key>isa</key>
			<string>PBXFileReference</string>
			<key>lastKnownFileType</key>
			<string>sourcecode.c.objc</string>
			<key>path</key>
			<string>NSObject+TBCacao.m</string>
			<key>sourceTree</key>
			<string>&lt;group&gt;</string>
		</dict>
		<key>1929BA5A1C5D063244120555</key>
		<dict>
			<key>fileEncoding</key>
			<string>4</string>
			<key>isa</key>
			<string>PBXFileReference</string>
			<key>lastKnownFileType</key>
			<string>sourcecode.c.objc</string>
			<key>path</key>
			<string>DummyPlainObject.m</string>
			<key>sourceTree</key>
			<string>&lt;group&gt;</string>
		</dict>
		<key>1929BAA62754CFD3DBEFB2C6</key>
		<dict>
			<key>fileRef</key>
			<string>1929B65F79B2EBA05F4B217F</string>
			<key>isa</key>
			<string>PBXBuildFile</string>
		</dict>
		<key>1929BAB844278E8ECE4A8E61</key>
		<dict>
			<key>fileRef</key>
			<string>1929B90C2B879CA1727046F2</string>
			<key>isa</key>
			<string>PBXBuildFile</string>
			<key>settings</key>
			<dict>
				<key>ATTRIBUTES</key>
				<array>
					<string>Public</string>
				</array>
			</dict>
		</dict>
		<key>1929BAD9483574B476E3ECBF</key>
		<dict>
			<key>fileEncoding</key>
			<string>4</string>
			<key>isa</key>
			<string>PBXFileReference</string>
			<key>lastKnownFileType</key>
			<string>sourcecode.c.h</string>
			<key>path</key>
			<string>DummySeed.h</string>
			<key>sourceTree</key>
			<string>&lt;group&gt;</string>
		</dict>
		<key>1929BB8A7B03758A676413BE</key>
		<dict>
			<key>fileRef</key>
			<string>1929B0F083F879DDF3CB06DF</string>
			<key>isa</key>
			<string>PBXBuildFile</string>
		</dict>
		<key>1929BCBF6CA830B4B76AFA82</key>
		<dict>
			<key>fileRef</key>
			<string>1929B80572CA6503A34D8451</string>
			<key>isa</key>
			<string>PBXBuildFile</string>
		</dict>
		<key>1929BD7631DC961DD0B0602F</key>
		<dict>
			<key>fileRef</key>
			<string>1929BA31A16B6D938E61F2BC</string>
			<key>isa</key>
			<string>PBXBuildFile</string>
		</dict>
		<key>1929BDA63F75AFFECCBB324A</key>
		<dict>
			<key>fileEncoding</key>
			<string>4</string>
			<key>isa</key>
			<string>PBXFileReference</string>
			<key>lastKnownFileType</key>
			<string>sourcecode.c.h</string>
			<key>path</key>
			<string>TBManualBeanProvider.h</string>
			<key>sourceTree</key>
			<string>&lt;group&gt;</string>
		</dict>
		<key>1929BDE2CAA27401668A81C6</key>
		<dict>
			<key>fileEncoding</key>
			<string>4</string>
			<key>isa</key>
			<string>PBXFileReference</string>
			<key>lastKnownFileType</key>
			<string>sourcecode.c.objc</string>
			<key>path</key>
			<string>NSObjectCategoryTest.m</string>
			<key>sourceTree</key>
			<string>&lt;group&gt;</string>
		</dict>
		<key>1929BE10EF2F8ED1711F5A6D</key>
		<dict>
			<key>fileRef</key>
			<string>4B5CE9B216233B9700053151</string>
			<key>isa</key>
			<string>PBXBuildFile</string>
		</dict>
		<key>1929BE769E53707A81CFF270</key>
		<dict>
			<key>fileEncoding</key>
			<string>4</string>
			<key>isa</key>
			<string>PBXFileReference</string>
			<key>lastKnownFileType</key>
			<string>sourcecode.c.objc</string>
			<key>path</key>
			<string>BaseDao.m</string>
			<key>sourceTree</key>
			<string>&lt;group&gt;</string>
		</dict>
		<key>1929BE832D5D0071F472B95E</key>
		<dict>
			<key>fileEncoding</key>
			<string>4</string>
			<key>isa</key>
			<string>PBXFileReference</string>
			<key>lastKnownFileType</key>
			<string>sourcecode.c.objc</string>
			<key>path</key>
			<string>CoreDataManager.m</string>
			<key>sourceTree</key>
			<string>&lt;group&gt;</string>
		</dict>
		<key>1929BF57FB090A3053798031</key>
		<dict>
			<key>fileEncoding</key>
			<string>4</string>
			<key>isa</key>
			<string>PBXFileReference</string>
			<key>lastKnownFileType</key>
			<string>sourcecode.c.objc</string>
			<key>path</key>
			<string>EntryCoreDataManager.m</string>
			<key>sourceTree</key>
			<string>&lt;group&gt;</string>
		</dict>
		<key>1929BF9A4E7300E4617C5731</key>
		<dict>
			<key>fileEncoding</key>
			<string>4</string>
			<key>isa</key>
			<string>PBXFileReference</string>
			<key>lastKnownFileType</key>
			<string>sourcecode.c.objc</string>
			<key>path</key>
			<string>NSString+TBCacao.m</string>
			<key>sourceTree</key>
			<string>&lt;group&gt;</string>
		</dict>
		<key>1F9209A51A714BECBE9450AC</key>
		<dict>
			<key>fileRef</key>
			<string>9D9633BAF6C846BFA5A39561</string>
			<key>isa</key>
			<string>PBXBuildFile</string>
		</dict>
		<key>33E00A79428E4C8491D6AECC</key>
		<dict>
			<key>buildActionMask</key>
			<string>2147483647</string>
			<key>files</key>
			<array/>
			<key>inputPaths</key>
			<array/>
			<key>isa</key>
			<string>PBXShellScriptBuildPhase</string>
			<key>name</key>
			<string>Copy Pods Resources</string>
			<key>outputPaths</key>
			<array/>
			<key>runOnlyForDeploymentPostprocessing</key>
			<string>0</string>
			<key>shellPath</key>
			<string>/bin/sh</string>
			<key>shellScript</key>
			<string>"${SRCROOT}/Pods/Target Support Files/Pods-TBCacaoTests/Pods-TBCacaoTests-resources.sh"
</string>
			<key>showEnvVarsInLog</key>
			<string>0</string>
		</dict>
		<key>3C86174450A9B0574520DBB8</key>
		<dict>
			<key>children</key>
			<array>
				<string>FC0170741BB6CC8AC6A4AEA1</string>
				<string>98A6A01414BA35418F4E4661</string>
			</array>
			<key>isa</key>
			<string>PBXGroup</string>
			<key>name</key>
			<string>Pods</string>
			<key>sourceTree</key>
			<string>&lt;group&gt;</string>
		</dict>
		<key>4B10DDA5174F9E1A00B58F6E</key>
		<dict>
			<key>fileRef</key>
			<string>1929B62AAC89714A54436655</string>
			<key>isa</key>
			<string>PBXBuildFile</string>
			<key>settings</key>
			<dict>
				<key>ATTRIBUTES</key>
				<array>
					<string>Public</string>
				</array>
			</dict>
		</dict>
		<key>4B15773A16A2E8360048480E</key>
		<dict>
			<key>fileRef</key>
			<string>4B5CE9DF16233BCE00053151</string>
			<key>isa</key>
			<string>PBXBuildFile</string>
			<key>settings</key>
			<dict>
				<key>ATTRIBUTES</key>
				<array>
					<string>Public</string>
				</array>
			</dict>
		</dict>
		<key>4B5CE9A316233B9700053151</key>
		<dict>
			<key>children</key>
			<array>
				<string>4B5CE9B816233B9700053151</string>
				<string>4B5CE9CE16233B9700053151</string>
				<string>4B5CE9B116233B9700053151</string>
				<string>4B5CE9B016233B9700053151</string>
				<string>3C86174450A9B0574520DBB8</string>
			</array>
			<key>isa</key>
			<string>PBXGroup</string>
			<key>sourceTree</key>
			<string>&lt;group&gt;</string>
		</dict>
		<key>4B5CE9A516233B9700053151</key>
		<dict>
			<key>attributes</key>
			<dict>
				<key>LastUpgradeCheck</key>
				<string>0500</string>
				<key>ORGANIZATIONNAME</key>
				<string>Tae Won Ha</string>
				<key>TargetAttributes</key>
				<dict>
					<key>4BEC170617FD63E40070E209</key>
					<dict>
						<key>TestTargetID</key>
						<string>4B5CE9AE16233B9700053151</string>
					</dict>
				</dict>
			</dict>
			<key>buildConfigurationList</key>
			<string>4B5CE9A816233B9700053151</string>
			<key>compatibilityVersion</key>
			<string>Xcode 3.2</string>
			<key>developmentRegion</key>
			<string>English</string>
			<key>hasScannedForEncodings</key>
			<string>0</string>
			<key>isa</key>
			<string>PBXProject</string>
			<key>knownRegions</key>
			<array>
				<string>en</string>
			</array>
			<key>mainGroup</key>
			<string>4B5CE9A316233B9700053151</string>
			<key>productRefGroup</key>
			<string>4B5CE9B016233B9700053151</string>
			<key>projectDirPath</key>
			<string></string>
			<key>projectReferences</key>
			<array/>
			<key>projectRoot</key>
			<string></string>
			<key>targets</key>
			<array>
				<string>4B5CE9AE16233B9700053151</string>
				<string>4BEC170617FD63E40070E209</string>
			</array>
		</dict>
		<key>4B5CE9A816233B9700053151</key>
		<dict>
			<key>buildConfigurations</key>
			<array>
				<string>4B5CE9D716233B9700053151</string>
				<string>4B5CE9D816233B9700053151</string>
			</array>
			<key>defaultConfigurationIsVisible</key>
			<string>0</string>
			<key>defaultConfigurationName</key>
			<string>Release</string>
			<key>isa</key>
			<string>XCConfigurationList</string>
		</dict>
		<key>4B5CE9AA16233B9700053151</key>
		<dict>
			<key>buildActionMask</key>
			<string>2147483647</string>
			<key>files</key>
			<array>
				<string>4B5CE9E416233BCE00053151</string>
				<string>4B5CE9E716233BCE00053151</string>
				<string>1929B21B861E9FAD63FFDF75</string>
				<string>1929BD7631DC961DD0B0602F</string>
				<string>1929B3CE9E24801BD878DF10</string>
			</array>
			<key>isa</key>
			<string>PBXSourcesBuildPhase</string>
			<key>runOnlyForDeploymentPostprocessing</key>
			<string>0</string>
		</dict>
		<key>4B5CE9AB16233B9700053151</key>
		<dict>
			<key>buildActionMask</key>
			<string>2147483647</string>
			<key>files</key>
			<array>
				<string>4B5CE9B316233B9700053151</string>
			</array>
			<key>isa</key>
			<string>PBXFrameworksBuildPhase</string>
			<key>runOnlyForDeploymentPostprocessing</key>
			<string>0</string>
		</dict>
		<key>4B5CE9AC16233B9700053151</key>
		<dict>
			<key>buildActionMask</key>
			<string>2147483647</string>
			<key>files</key>
			<array>
				<string>4B5CE9E916233BDF00053151</string>
				<string>4B15773A16A2E8360048480E</string>
				<string>1929BAB844278E8ECE4A8E61</string>
				<string>1929B256428085E17C648139</string>
				<string>4B10DDA5174F9E1A00B58F6E</string>
				<string>4B5CE9E616233BCE00053151</string>
				<string>4B5CE9EB16233C1500053151</string>
				<string>1929BAA62754CFD3DBEFB2C6</string>
				<string>1929BCBF6CA830B4B76AFA82</string>
				<string>1929BB8A7B03758A676413BE</string>
				<string>1929B811E261592A3BF84B5A</string>
			</array>
			<key>isa</key>
			<string>PBXHeadersBuildPhase</string>
			<key>runOnlyForDeploymentPostprocessing</key>
			<string>0</string>
		</dict>
		<key>4B5CE9AD16233B9700053151</key>
		<dict>
			<key>buildActionMask</key>
			<string>2147483647</string>
			<key>files</key>
			<array>
				<string>4B5CE9BD16233B9700053151</string>
			</array>
			<key>isa</key>
			<string>PBXResourcesBuildPhase</string>
			<key>runOnlyForDeploymentPostprocessing</key>
			<string>0</string>
		</dict>
		<key>4B5CE9AE16233B9700053151</key>
		<dict>
			<key>buildConfigurationList</key>
			<string>4B5CE9D916233B9700053151</string>
			<key>buildPhases</key>
			<array>
				<string>4B5CE9AA16233B9700053151</string>
				<string>4B5CE9AB16233B9700053151</string>
				<string>4B5CE9AC16233B9700053151</string>
				<string>4B5CE9AD16233B9700053151</string>
			</array>
			<key>buildRules</key>
			<array/>
			<key>dependencies</key>
			<array/>
			<key>isa</key>
			<string>PBXNativeTarget</string>
			<key>name</key>
			<string>TBCacao</string>
			<key>productName</key>
			<string>TBCacao</string>
			<key>productReference</key>
			<string>4B5CE9AF16233B9700053151</string>
			<key>productType</key>
			<string>com.apple.product-type.framework</string>
		</dict>
		<key>4B5CE9AF16233B9700053151</key>
		<dict>
			<key>explicitFileType</key>
			<string>wrapper.framework</string>
			<key>includeInIndex</key>
			<string>0</string>
			<key>isa</key>
			<string>PBXFileReference</string>
			<key>path</key>
			<string>TBCacao.framework</string>
			<key>sourceTree</key>
			<string>BUILT_PRODUCTS_DIR</string>
		</dict>
		<key>4B5CE9B016233B9700053151</key>
		<dict>
			<key>children</key>
			<array>
				<string>4B5CE9AF16233B9700053151</string>
				<string>4BEC170717FD63E40070E209</string>
			</array>
			<key>isa</key>
			<string>PBXGroup</string>
			<key>name</key>
			<string>Products</string>
			<key>sourceTree</key>
			<string>&lt;group&gt;</string>
		</dict>
		<key>4B5CE9B116233B9700053151</key>
		<dict>
			<key>children</key>
			<array>
				<string>4B5CE9B216233B9700053151</string>
				<string>1929B2575DE1A367C666FF0F</string>
				<string>9D9633BAF6C846BFA5A39561</string>
			</array>
			<key>isa</key>
			<string>PBXGroup</string>
			<key>name</key>
			<string>Frameworks</string>
			<key>sourceTree</key>
			<string>&lt;group&gt;</string>
		</dict>
		<key>4B5CE9B216233B9700053151</key>
		<dict>
			<key>isa</key>
			<string>PBXFileReference</string>
			<key>lastKnownFileType</key>
			<string>wrapper.framework</string>
			<key>name</key>
			<string>Cocoa.framework</string>
			<key>path</key>
			<string>System/Library/Frameworks/Cocoa.framework</string>
			<key>sourceTree</key>
			<string>SDKROOT</string>
		</dict>
		<key>4B5CE9B316233B9700053151</key>
		<dict>
			<key>fileRef</key>
			<string>4B5CE9B216233B9700053151</string>
			<key>isa</key>
			<string>PBXBuildFile</string>
		</dict>
		<key>4B5CE9B816233B9700053151</key>
		<dict>
			<key>children</key>
			<array>
				<string>1929BDA63F75AFFECCBB324A</string>
				<string>4B5CE9EA16233C1500053151</string>
				<string>4B5CE9BF16233B9700053151</string>
				<string>4B5CE9DF16233BCE00053151</string>
				<string>4B5CE9E016233BCE00053151</string>
				<string>4B5CE9E116233BCE00053151</string>
				<string>4B5CE9E216233BCE00053151</string>
				<string>4B5CE9B916233B9700053151</string>
				<string>1929B65F79B2EBA05F4B217F</string>
				<string>1929B7D257822DAA61930744</string>
				<string>1929B04272DA2D3531AA6A23</string>
				<string>1929B90C2B879CA1727046F2</string>
				<string>1929B62AAC89714A54436655</string>
			</array>
			<key>isa</key>
			<string>PBXGroup</string>
			<key>path</key>
			<string>TBCacao</string>
			<key>sourceTree</key>
			<string>&lt;group&gt;</string>
		</dict>
		<key>4B5CE9B916233B9700053151</key>
		<dict>
			<key>children</key>
			<array>
				<string>4B5CE9BA16233B9700053151</string>
				<string>4B5CE9BB16233B9700053151</string>
				<string>4B5CE9BE16233B9700053151</string>
			</array>
			<key>isa</key>
			<string>PBXGroup</string>
			<key>name</key>
			<string>Supporting Files</string>
			<key>sourceTree</key>
			<string>&lt;group&gt;</string>
		</dict>
		<key>4B5CE9BA16233B9700053151</key>
		<dict>
			<key>isa</key>
			<string>PBXFileReference</string>
			<key>lastKnownFileType</key>
			<string>text.plist.xml</string>
			<key>path</key>
			<string>TBCacao-Info.plist</string>
			<key>sourceTree</key>
			<string>&lt;group&gt;</string>
		</dict>
		<key>4B5CE9BB16233B9700053151</key>
		<dict>
			<key>children</key>
			<array>
				<string>4B5CE9BC16233B9700053151</string>
			</array>
			<key>isa</key>
			<string>PBXVariantGroup</string>
			<key>name</key>
			<string>InfoPlist.strings</string>
			<key>sourceTree</key>
			<string>&lt;group&gt;</string>
		</dict>
		<key>4B5CE9BC16233B9700053151</key>
		<dict>
			<key>isa</key>
			<string>PBXFileReference</string>
			<key>lastKnownFileType</key>
			<string>text.plist.strings</string>
			<key>name</key>
			<string>en</string>
			<key>path</key>
			<string>en.lproj/InfoPlist.strings</string>
			<key>sourceTree</key>
			<string>&lt;group&gt;</string>
		</dict>
		<key>4B5CE9BD16233B9700053151</key>
		<dict>
			<key>fileRef</key>
			<string>4B5CE9BB16233B9700053151</string>
			<key>isa</key>
			<string>PBXBuildFile</string>
		</dict>
		<key>4B5CE9BE16233B9700053151</key>
		<dict>
			<key>isa</key>
			<string>PBXFileReference</string>
			<key>lastKnownFileType</key>
			<string>sourcecode.c.h</string>
			<key>path</key>
			<string>TBCacao-Prefix.pch</string>
			<key>sourceTree</key>
			<string>&lt;group&gt;</string>
		</dict>
		<key>4B5CE9BF16233B9700053151</key>
		<dict>
			<key>isa</key>
			<string>PBXFileReference</string>
			<key>lastKnownFileType</key>
			<string>sourcecode.c.h</string>
			<key>path</key>
			<string>TBCacao.h</string>
			<key>sourceTree</key>
			<string>&lt;group&gt;</string>
		</dict>
		<key>4B5CE9CE16233B9700053151</key>
		<dict>
			<key>children</key>
			<array>
				<string>1929B405089EF1AB609CB96F</string>
				<string>4B5CE9D416233B9700053151</string>
				<string>4B5CE9D516233B9700053151</string>
				<string>4B5CE9CF16233B9700053151</string>
				<string>1929B11469559769E3CD3007</string>
				<string>1929B48C42A36BCE8A595CB2</string>
				<string>1929B0A2EC629C504BACA457</string>
				<string>1929BDE2CAA27401668A81C6</string>
				<string>1929B670C0AF6B460D35C044</string>
			</array>
			<key>isa</key>
			<string>PBXGroup</string>
			<key>path</key>
			<string>TBCacaoTests</string>
			<key>sourceTree</key>
			<string>&lt;group&gt;</string>
		</dict>
		<key>4B5CE9CF16233B9700053151</key>
		<dict>
			<key>children</key>
			<array>
				<string>4B5CE9D016233B9700053151</string>
				<string>4B5CE9D116233B9700053151</string>
				<string>1929B6DA0F472A7B98CEFD91</string>
			</array>
			<key>isa</key>
			<string>PBXGroup</string>
			<key>name</key>
			<string>Supporting Files</string>
			<key>sourceTree</key>
			<string>&lt;group&gt;</string>
		</dict>
		<key>4B5CE9D016233B9700053151</key>
		<dict>
			<key>isa</key>
			<string>PBXFileReference</string>
			<key>lastKnownFileType</key>
			<string>text.plist.xml</string>
			<key>path</key>
			<string>TBCacaoTests-Info.plist</string>
			<key>sourceTree</key>
			<string>&lt;group&gt;</string>
		</dict>
		<key>4B5CE9D116233B9700053151</key>
		<dict>
			<key>children</key>
			<array>
				<string>4B5CE9D216233B9700053151</string>
			</array>
			<key>isa</key>
			<string>PBXVariantGroup</string>
			<key>name</key>
			<string>InfoPlist.strings</string>
			<key>sourceTree</key>
			<string>&lt;group&gt;</string>
		</dict>
		<key>4B5CE9D216233B9700053151</key>
		<dict>
			<key>isa</key>
			<string>PBXFileReference</string>
			<key>lastKnownFileType</key>
			<string>text.plist.strings</string>
			<key>name</key>
			<string>en</string>
			<key>path</key>
			<string>en.lproj/InfoPlist.strings</string>
			<key>sourceTree</key>
			<string>&lt;group&gt;</string>
		</dict>
		<key>4B5CE9D416233B9700053151</key>
		<dict>
			<key>isa</key>
			<string>PBXFileReference</string>
			<key>lastKnownFileType</key>
			<string>sourcecode.c.h</string>
			<key>path</key>
			<string>TBBaseTest.h</string>
			<key>sourceTree</key>
			<string>&lt;group&gt;</string>
		</dict>
		<key>4B5CE9D516233B9700053151</key>
		<dict>
			<key>isa</key>
			<string>PBXFileReference</string>
			<key>lastKnownFileType</key>
			<string>sourcecode.c.objc</string>
			<key>path</key>
			<string>TBBaseTest.m</string>
			<key>sourceTree</key>
			<string>&lt;group&gt;</string>
		</dict>
		<key>4B5CE9D716233B9700053151</key>
		<dict>
			<key>buildSettings</key>
			<dict>
				<key>ALWAYS_SEARCH_USER_PATHS</key>
				<string>NO</string>
				<key>CLANG_CXX_LANGUAGE_STANDARD</key>
				<string>gnu++0x</string>
				<key>CLANG_CXX_LIBRARY</key>
				<string>libc++</string>
				<key>CLANG_ENABLE_OBJC_ARC</key>
				<string>YES</string>
				<key>CLANG_WARN_EMPTY_BODY</key>
				<string>YES</string>
				<key>CLANG_WARN__DUPLICATE_METHOD_MATCH</key>
				<string>YES</string>
				<key>COPY_PHASE_STRIP</key>
				<string>NO</string>
				<key>GCC_C_LANGUAGE_STANDARD</key>
				<string>gnu99</string>
				<key>GCC_DYNAMIC_NO_PIC</key>
				<string>NO</string>
				<key>GCC_ENABLE_OBJC_EXCEPTIONS</key>
				<string>YES</string>
				<key>GCC_OPTIMIZATION_LEVEL</key>
				<string>0</string>
				<key>GCC_PREPROCESSOR_DEFINITIONS</key>
				<array>
					<string>DEBUG=1</string>
					<string>$(inherited)</string>
				</array>
				<key>GCC_SYMBOLS_PRIVATE_EXTERN</key>
				<string>NO</string>
				<key>GCC_WARN_64_TO_32_BIT_CONVERSION</key>
				<string>YES</string>
				<key>GCC_WARN_ABOUT_RETURN_TYPE</key>
				<string>YES</string>
				<key>GCC_WARN_UNINITIALIZED_AUTOS</key>
				<string>YES</string>
				<key>GCC_WARN_UNUSED_VARIABLE</key>
				<string>YES</string>
				<key>ONLY_ACTIVE_ARCH</key>
				<string>YES</string>
			</dict>
			<key>isa</key>
			<string>XCBuildConfiguration</string>
			<key>name</key>
			<string>Debug</string>
		</dict>
		<key>4B5CE9D816233B9700053151</key>
		<dict>
			<key>buildSettings</key>
			<dict>
				<key>ALWAYS_SEARCH_USER_PATHS</key>
				<string>NO</string>
				<key>CLANG_CXX_LANGUAGE_STANDARD</key>
				<string>gnu++0x</string>
				<key>CLANG_CXX_LIBRARY</key>
				<string>libc++</string>
				<key>CLANG_ENABLE_OBJC_ARC</key>
				<string>YES</string>
				<key>CLANG_WARN_EMPTY_BODY</key>
				<string>YES</string>
				<key>CLANG_WARN__DUPLICATE_METHOD_MATCH</key>
				<string>YES</string>
				<key>COPY_PHASE_STRIP</key>
				<string>YES</string>
				<key>DEBUG_INFORMATION_FORMAT</key>
				<string>dwarf-with-dsym</string>
				<key>GCC_C_LANGUAGE_STANDARD</key>
				<string>gnu99</string>
				<key>GCC_ENABLE_OBJC_EXCEPTIONS</key>
				<string>YES</string>
				<key>GCC_WARN_64_TO_32_BIT_CONVERSION</key>
				<string>YES</string>
				<key>GCC_WARN_ABOUT_RETURN_TYPE</key>
				<string>YES</string>
				<key>GCC_WARN_UNINITIALIZED_AUTOS</key>
				<string>YES</string>
				<key>GCC_WARN_UNUSED_VARIABLE</key>
				<string>YES</string>
			</dict>
			<key>isa</key>
			<string>XCBuildConfiguration</string>
			<key>name</key>
			<string>Release</string>
		</dict>
		<key>4B5CE9D916233B9700053151</key>
		<dict>
			<key>buildConfigurations</key>
			<array>
				<string>4B5CE9DA16233B9700053151</string>
				<string>4B5CE9DB16233B9700053151</string>
			</array>
			<key>defaultConfigurationIsVisible</key>
			<string>0</string>
			<key>defaultConfigurationName</key>
			<string>Release</string>
			<key>isa</key>
			<string>XCConfigurationList</string>
		</dict>
		<key>4B5CE9DA16233B9700053151</key>
		<dict>
			<key>buildSettings</key>
			<dict>
				<key>COMBINE_HIDPI_IMAGES</key>
				<string>YES</string>
				<key>DYLIB_COMPATIBILITY_VERSION</key>
				<string>1</string>
				<key>DYLIB_CURRENT_VERSION</key>
				<string>1</string>
				<key>FRAMEWORK_SEARCH_PATHS</key>
				<string>/Library/Frameworks/**</string>
				<key>FRAMEWORK_VERSION</key>
				<string>A</string>
				<key>GCC_PRECOMPILE_PREFIX_HEADER</key>
				<string>YES</string>
				<key>GCC_PREFIX_HEADER</key>
				<string>TBCacao/TBCacao-Prefix.pch</string>
				<key>INFOPLIST_FILE</key>
				<string>TBCacao/TBCacao-Info.plist</string>
				<key>INSTALL_PATH</key>
				<string>@loader_path/../Frameworks</string>
				<key>PRODUCT_NAME</key>
				<string>$(TARGET_NAME)</string>
				<key>WRAPPER_EXTENSION</key>
				<string>framework</string>
			</dict>
			<key>isa</key>
			<string>XCBuildConfiguration</string>
			<key>name</key>
			<string>Debug</string>
		</dict>
		<key>4B5CE9DB16233B9700053151</key>
		<dict>
			<key>buildSettings</key>
			<dict>
				<key>COMBINE_HIDPI_IMAGES</key>
				<string>YES</string>
				<key>DYLIB_COMPATIBILITY_VERSION</key>
				<string>1</string>
				<key>DYLIB_CURRENT_VERSION</key>
				<string>1</string>
				<key>FRAMEWORK_SEARCH_PATHS</key>
				<string>/Library/Frameworks/**</string>
				<key>FRAMEWORK_VERSION</key>
				<string>A</string>
				<key>GCC_PRECOMPILE_PREFIX_HEADER</key>
				<string>YES</string>
				<key>GCC_PREFIX_HEADER</key>
				<string>TBCacao/TBCacao-Prefix.pch</string>
				<key>INFOPLIST_FILE</key>
				<string>TBCacao/TBCacao-Info.plist</string>
				<key>INSTALL_PATH</key>
				<string>@loader_path/../Frameworks</string>
				<key>PRODUCT_NAME</key>
				<string>$(TARGET_NAME)</string>
				<key>WRAPPER_EXTENSION</key>
				<string>framework</string>
			</dict>
			<key>isa</key>
			<string>XCBuildConfiguration</string>
			<key>name</key>
			<string>Release</string>
		</dict>
		<key>4B5CE9DF16233BCE00053151</key>
		<dict>
			<key>fileEncoding</key>
			<string>4</string>
			<key>isa</key>
			<string>PBXFileReference</string>
			<key>lastKnownFileType</key>
			<string>sourcecode.c.h</string>
			<key>path</key>
			<string>TBBeanContainer.h</string>
			<key>sourceTree</key>
			<string>&lt;group&gt;</string>
		</dict>
		<key>4B5CE9E016233BCE00053151</key>
		<dict>
			<key>fileEncoding</key>
			<string>4</string>
			<key>isa</key>
			<string>PBXFileReference</string>
			<key>lastKnownFileType</key>
			<string>sourcecode.c.objc</string>
			<key>path</key>
			<string>TBBeanContainer.m</string>
			<key>sourceTree</key>
			<string>&lt;group&gt;</string>
		</dict>
		<key>4B5CE9E116233BCE00053151</key>
		<dict>
			<key>fileEncoding</key>
			<string>4</string>
			<key>isa</key>
			<string>PBXFileReference</string>
			<key>lastKnownFileType</key>
			<string>sourcecode.c.h</string>
			<key>path</key>
			<string>TBContext.h</string>
			<key>sourceTree</key>
			<string>&lt;group&gt;</string>
		</dict>
		<key>4B5CE9E216233BCE00053151</key>
		<dict>
			<key>fileEncoding</key>
			<string>4</string>
			<key>isa</key>
			<string>PBXFileReference</string>
			<key>lastKnownFileType</key>
			<string>sourcecode.c.objc</string>
			<key>path</key>
			<string>TBContext.m</string>
			<key>sourceTree</key>
			<string>&lt;group&gt;</string>
		</dict>
		<key>4B5CE9E416233BCE00053151</key>
		<dict>
			<key>fileRef</key>
			<string>4B5CE9E016233BCE00053151</string>
			<key>isa</key>
			<string>PBXBuildFile</string>
		</dict>
		<key>4B5CE9E616233BCE00053151</key>
		<dict>
			<key>fileRef</key>
			<string>4B5CE9E116233BCE00053151</string>
			<key>isa</key>
			<string>PBXBuildFile</string>
			<key>settings</key>
			<dict>
				<key>ATTRIBUTES</key>
				<array>
					<string>Public</string>
				</array>
			</dict>
		</dict>
		<key>4B5CE9E716233BCE00053151</key>
		<dict>
			<key>fileRef</key>
			<string>4B5CE9E216233BCE00053151</string>
			<key>isa</key>
			<string>PBXBuildFile</string>
		</dict>
		<key>4B5CE9E916233BDF00053151</key>
		<dict>
			<key>fileRef</key>
			<string>4B5CE9BF16233B9700053151</string>
			<key>isa</key>
			<string>PBXBuildFile</string>
			<key>settings</key>
			<dict>
				<key>ATTRIBUTES</key>
				<array>
					<string>Public</string>
				</array>
			</dict>
		</dict>
		<key>4B5CE9EA16233C1500053151</key>
		<dict>
			<key>fileEncoding</key>
			<string>4</string>
			<key>isa</key>
			<string>PBXFileReference</string>
			<key>lastKnownFileType</key>
			<string>sourcecode.c.h</string>
			<key>path</key>
			<string>TBLog.h</string>
			<key>sourceTree</key>
			<string>&lt;group&gt;</string>
		</dict>
		<key>4B5CE9EB16233C1500053151</key>
		<dict>
			<key>fileRef</key>
			<string>4B5CE9EA16233C1500053151</string>
			<key>isa</key>
			<string>PBXBuildFile</string>
		</dict>
		<key>4BEC170317FD63E40070E209</key>
		<dict>
			<key>buildActionMask</key>
			<string>2147483647</string>
			<key>files</key>
			<array>
				<string>4BEC172917FD645F0070E209</string>
				<string>4BEC172A17FD645F0070E209</string>
				<string>4BEC172B17FD645F0070E209</string>
				<string>4BEC172C17FD645F0070E209</string>
				<string>4BEC172D17FD645F0070E209</string>
				<string>4BEC171917FD64480070E209</string>
				<string>4BEC171A17FD64480070E209</string>
				<string>4BEC171B17FD64480070E209</string>
				<string>4BEC171C17FD64480070E209</string>
				<string>4BEC171D17FD64480070E209</string>
				<string>4BEC171E17FD64480070E209</string>
				<string>4BEC171F17FD64480070E209</string>
				<string>4BEC172017FD64480070E209</string>
				<string>4BEC172117FD64480070E209</string>
				<string>4BEC172217FD64480070E209</string>
				<string>4BEC172317FD64480070E209</string>
				<string>4BEC172417FD64480070E209</string>
				<string>4BEC172517FD64480070E209</string>
				<string>4BEC172617FD64480070E209</string>
				<string>4BEC172717FD64480070E209</string>
				<string>4BEC172817FD64480070E209</string>
			</array>
			<key>isa</key>
			<string>PBXSourcesBuildPhase</string>
			<key>runOnlyForDeploymentPostprocessing</key>
			<string>0</string>
		</dict>
		<key>4BEC170417FD63E40070E209</key>
		<dict>
			<key>buildActionMask</key>
			<string>2147483647</string>
			<key>files</key>
			<array>
				<string>4BEC170817FD63E40070E209</string>
				<string>1929BE10EF2F8ED1711F5A6D</string>
				<string>1F9209A51A714BECBE9450AC</string>
			</array>
			<key>isa</key>
			<string>PBXFrameworksBuildPhase</string>
			<key>runOnlyForDeploymentPostprocessing</key>
			<string>0</string>
		</dict>
		<key>4BEC170517FD63E40070E209</key>
		<dict>
			<key>buildActionMask</key>
			<string>2147483647</string>
			<key>files</key>
			<array/>
			<key>isa</key>
			<string>PBXResourcesBuildPhase</string>
			<key>runOnlyForDeploymentPostprocessing</key>
			<string>0</string>
		</dict>
		<key>4BEC170617FD63E40070E209</key>
		<dict>
			<key>buildConfigurationList</key>
			<string>4BEC171417FD63E40070E209</string>
			<key>buildPhases</key>
			<array>
				<string>CB41A977134F41EC9F486651</string>
				<string>4BEC170317FD63E40070E209</string>
				<string>4BEC170417FD63E40070E209</string>
				<string>4BEC170517FD63E40070E209</string>
				<string>33E00A79428E4C8491D6AECC</string>
			</array>
			<key>buildRules</key>
			<array/>
			<key>dependencies</key>
			<array/>
			<key>isa</key>
			<string>PBXNativeTarget</string>
			<key>name</key>
			<string>TBCacaoTests</string>
			<key>productName</key>
			<string>fd</string>
			<key>productReference</key>
			<string>4BEC170717FD63E40070E209</string>
			<key>productType</key>
			<string>com.apple.product-type.bundle.unit-test</string>
		</dict>
		<key>4BEC170717FD63E40070E209</key>
		<dict>
			<key>explicitFileType</key>
			<string>wrapper.cfbundle</string>
			<key>includeInIndex</key>
			<string>0</string>
			<key>isa</key>
			<string>PBXFileReference</string>
			<key>path</key>
			<string>TBCacaoTests.xctest</string>
			<key>sourceTree</key>
			<string>BUILT_PRODUCTS_DIR</string>
		</dict>
		<key>4BEC170817FD63E40070E209</key>
		<dict>
			<key>fileRef</key>
			<string>1929B2575DE1A367C666FF0F</string>
			<key>isa</key>
			<string>PBXBuildFile</string>
		</dict>
		<key>4BEC171417FD63E40070E209</key>
		<dict>
			<key>buildConfigurations</key>
			<array>
				<string>4BEC171517FD63E40070E209</string>
				<string>4BEC171617FD63E40070E209</string>
			</array>
			<key>defaultConfigurationIsVisible</key>
			<string>0</string>
			<key>defaultConfigurationName</key>
			<string>Release</string>
			<key>isa</key>
			<string>XCConfigurationList</string>
		</dict>
		<key>4BEC171517FD63E40070E209</key>
		<dict>
			<key>baseConfigurationReference</key>
			<string>FC0170741BB6CC8AC6A4AEA1</string>
			<key>buildSettings</key>
			<dict>
				<key>CLANG_WARN_BOOL_CONVERSION</key>
				<string>YES</string>
				<key>CLANG_WARN_CONSTANT_CONVERSION</key>
				<string>YES</string>
				<key>CLANG_WARN_DIRECT_OBJC_ISA_USAGE</key>
				<string>YES_ERROR</string>
				<key>CLANG_WARN_ENUM_CONVERSION</key>
				<string>YES</string>
				<key>CLANG_WARN_INT_CONVERSION</key>
				<string>YES</string>
				<key>CLANG_WARN_OBJC_ROOT_CLASS</key>
				<string>YES_ERROR</string>
				<key>COMBINE_HIDPI_IMAGES</key>
				<string>YES</string>
				<key>FRAMEWORK_SEARCH_PATHS</key>
				<array>
					<string>$(DEVELOPER_FRAMEWORKS_DIR)</string>
					<string>$(inherited)</string>
					<string>$(SRCROOT)/Externals</string>
				</array>
				<key>GCC_PRECOMPILE_PREFIX_HEADER</key>
				<string>YES</string>
				<key>GCC_PREFIX_HEADER</key>
				<string>TBCacaoTests/TBCacaoTests-Prefix.pch</string>
				<key>GCC_PREPROCESSOR_DEFINITIONS</key>
				<array>
					<string>DEBUG=1</string>
					<string>$(inherited)</string>
				</array>
				<key>GCC_WARN_ABOUT_RETURN_TYPE</key>
				<string>YES_ERROR</string>
				<key>GCC_WARN_UNDECLARED_SELECTOR</key>
				<string>YES</string>
				<key>GCC_WARN_UNUSED_FUNCTION</key>
				<string>YES</string>
				<key>INFOPLIST_FILE</key>
				<string>TBCacaoTests/TBCacaoTests-Info.plist</string>
				<key>PRODUCT_NAME</key>
				<string>$(TARGET_NAME)</string>
				<key>WRAPPER_EXTENSION</key>
				<string>xctest</string>
			</dict>
			<key>isa</key>
			<string>XCBuildConfiguration</string>
			<key>name</key>
			<string>Debug</string>
		</dict>
		<key>4BEC171617FD63E40070E209</key>
		<dict>
			<key>baseConfigurationReference</key>
			<string>98A6A01414BA35418F4E4661</string>
			<key>buildSettings</key>
			<dict>
				<key>CLANG_WARN_BOOL_CONVERSION</key>
				<string>YES</string>
				<key>CLANG_WARN_CONSTANT_CONVERSION</key>
				<string>YES</string>
				<key>CLANG_WARN_DIRECT_OBJC_ISA_USAGE</key>
				<string>YES_ERROR</string>
				<key>CLANG_WARN_ENUM_CONVERSION</key>
				<string>YES</string>
				<key>CLANG_WARN_INT_CONVERSION</key>
				<string>YES</string>
				<key>CLANG_WARN_OBJC_ROOT_CLASS</key>
				<string>YES_ERROR</string>
				<key>COMBINE_HIDPI_IMAGES</key>
				<string>YES</string>
				<key>ENABLE_NS_ASSERTIONS</key>
				<string>NO</string>
				<key>FRAMEWORK_SEARCH_PATHS</key>
				<array>
					<string>$(DEVELOPER_FRAMEWORKS_DIR)</string>
					<string>$(inherited)</string>
					<string>$(SRCROOT)/Externals</string>
				</array>
				<key>GCC_PRECOMPILE_PREFIX_HEADER</key>
				<string>YES</string>
				<key>GCC_PREFIX_HEADER</key>
				<string>TBCacaoTests/TBCacaoTests-Prefix.pch</string>
				<key>GCC_WARN_ABOUT_RETURN_TYPE</key>
				<string>YES_ERROR</string>
				<key>GCC_WARN_UNDECLARED_SELECTOR</key>
				<string>YES</string>
				<key>GCC_WARN_UNUSED_FUNCTION</key>
				<string>YES</string>
				<key>INFOPLIST_FILE</key>
				<string>TBCacaoTests/TBCacaoTests-Info.plist</string>
				<key>PRODUCT_NAME</key>
				<string>$(TARGET_NAME)</string>
				<key>WRAPPER_EXTENSION</key>
				<string>xctest</string>
			</dict>
			<key>isa</key>
			<string>XCBuildConfiguration</string>
			<key>name</key>
			<string>Release</string>
		</dict>
		<key>4BEC171917FD64480070E209</key>
		<dict>
			<key>fileRef</key>
			<string>1929B405089EF1AB609CB96F</string>
			<key>isa</key>
			<string>PBXBuildFile</string>
		</dict>
		<key>4BEC171A17FD64480070E209</key>
		<dict>
			<key>fileRef</key>
			<string>4B5CE9D516233B9700053151</string>
			<key>isa</key>
			<string>PBXBuildFile</string>
		</dict>
		<key>4BEC171B17FD64480070E209</key>
		<dict>
			<key>fileRef</key>
			<string>1929B1A662E9C11F26F07D74</string>
			<key>isa</key>
			<string>PBXBuildFile</string>
		</dict>
		<key>4BEC171C17FD64480070E209</key>
		<dict>
			<key>fileRef</key>
			<string>1929B34591FCD0E3B50F98F1</string>
			<key>isa</key>
			<string>PBXBuildFile</string>
		</dict>
		<key>4BEC171D17FD64480070E209</key>
		<dict>
			<key>fileRef</key>
			<string>1929B49FFFA119DE7F10AB2D</string>
			<key>isa</key>
			<string>PBXBuildFile</string>
		</dict>
		<key>4BEC171E17FD64480070E209</key>
		<dict>
			<key>fileRef</key>
			<string>1929BE769E53707A81CFF270</string>
			<key>isa</key>
			<string>PBXBuildFile</string>
		</dict>
		<key>4BEC171F17FD64480070E209</key>
		<dict>
			<key>fileRef</key>
			<string>1929BE832D5D0071F472B95E</string>
			<key>isa</key>
			<string>PBXBuildFile</string>
		</dict>
		<key>4BEC172017FD64480070E209</key>
		<dict>
			<key>fileRef</key>
			<string>1929B36FA0EE07F9D8A2B639</string>
			<key>isa</key>
			<string>PBXBuildFile</string>
		</dict>
		<key>4BEC172117FD64480070E209</key>
		<dict>
			<key>fileRef</key>
			<string>1929BF57FB090A3053798031</string>
			<key>isa</key>
			<string>PBXBuildFile</string>
		</dict>
		<key>4BEC172217FD64480070E209</key>
		<dict>
			<key>fileRef</key>
			<string>1929BA5A1C5D063244120555</string>
			<key>isa</key>
			<string>PBXBuildFile</string>
		</dict>
		<key>4BEC172317FD64480070E209</key>
		<dict>
			<key>fileRef</key>
			<string>1929B9FE3773F98DEB454ED3</string>
			<key>isa</key>
			<string>PBXBuildFile</string>
		</dict>
		<key>4BEC172417FD64480070E209</key>
		<dict>
			<key>fileRef</key>
			<string>1929B13951369D9B7C23E08E</string>
			<key>isa</key>
			<string>PBXBuildFile</string>
		</dict>
		<key>4BEC172517FD64480070E209</key>
		<dict>
			<key>fileRef</key>
			<string>1929B48C42A36BCE8A595CB2</string>
			<key>isa</key>
			<string>PBXBuildFile</string>
		</dict>
		<key>4BEC172617FD64480070E209</key>
		<dict>
			<key>fileRef</key>
			<string>1929B0A2EC629C504BACA457</string>
			<key>isa</key>
			<string>PBXBuildFile</string>
		</dict>
		<key>4BEC172717FD64480070E209</key>
		<dict>
			<key>fileRef</key>
			<string>1929BDE2CAA27401668A81C6</string>
			<key>isa</key>
			<string>PBXBuildFile</string>
		</dict>
		<key>4BEC172817FD64480070E209</key>
		<dict>
			<key>fileRef</key>
			<string>1929B670C0AF6B460D35C044</string>
			<key>isa</key>
			<string>PBXBuildFile</string>
		</dict>
		<key>4BEC172917FD645F0070E209</key>
		<dict>
			<key>fileRef</key>
			<string>4B5CE9E016233BCE00053151</string>
			<key>isa</key>
			<string>PBXBuildFile</string>
		</dict>
		<key>4BEC172A17FD645F0070E209</key>
		<dict>
			<key>fileRef</key>
			<string>4B5CE9E216233BCE00053151</string>
			<key>isa</key>
			<string>PBXBuildFile</string>
		</dict>
		<key>4BEC172B17FD645F0070E209</key>
		<dict>
			<key>fileRef</key>
			<string>1929B7D257822DAA61930744</string>
			<key>isa</key>
			<string>PBXBuildFile</string>
		</dict>
		<key>4BEC172C17FD645F0070E209</key>
		<dict>
			<key>fileRef</key>
			<string>1929BA31A16B6D938E61F2BC</string>
			<key>isa</key>
			<string>PBXBuildFile</string>
		</dict>
		<key>4BEC172D17FD645F0070E209</key>
		<dict>
			<key>fileRef</key>
			<string>1929BF9A4E7300E4617C5731</string>
			<key>isa</key>
			<string>PBXBuildFile</string>
		</dict>
		<key>98A6A01414BA35418F4E4661</key>
		<dict>
			<key>includeInIndex</key>
			<string>1</string>
			<key>isa</key>
			<string>PBXFileReference</string>
			<key>lastKnownFileType</key>
			<string>text.xcconfig</string>
			<key>name</key>
			<string>Pods-TBCacaoTests.release.xcconfig</string>
			<key>path</key>
			<string>Pods/Target Support Files/Pods-TBCacaoTests/Pods-TBCacaoTests.release.xcconfig</string>
			<key>sourceTree</key>
			<string>&lt;group&gt;</string>
		</dict>
		<key>9D9633BAF6C846BFA5A39561</key>
		<dict>
			<key>explicitFileType</key>
			<string>archive.ar</string>
			<key>includeInIndex</key>
			<string>0</string>
			<key>isa</key>
			<string>PBXFileReference</string>
			<key>path</key>
			<string>libPods-TBCacaoTests.a</string>
			<key>sourceTree</key>
			<string>BUILT_PRODUCTS_DIR</string>
		</dict>
		<key>CB41A977134F41EC9F486651</key>
		<dict>
			<key>buildActionMask</key>
			<string>2147483647</string>
			<key>files</key>
			<array/>
			<key>inputPaths</key>
			<array/>
			<key>isa</key>
			<string>PBXShellScriptBuildPhase</string>
			<key>name</key>
			<string>Check Pods Manifest.lock</string>
			<key>outputPaths</key>
			<array/>
			<key>runOnlyForDeploymentPostprocessing</key>
			<string>0</string>
			<key>shellPath</key>
			<string>/bin/sh</string>
			<key>shellScript</key>
			<string>diff "${PODS_ROOT}/../Podfile.lock" "${PODS_ROOT}/Manifest.lock" &gt; /dev/null
if [[ $? != 0 ]] ; then
    cat &lt;&lt; EOM
error: The sandbox is not in sync with the Podfile.lock. Run 'pod install' or update your CocoaPods installation.
EOM
    exit 1
fi
</string>
			<key>showEnvVarsInLog</key>
			<string>0</string>
		</dict>
		<key>FC0170741BB6CC8AC6A4AEA1</key>
		<dict>
			<key>includeInIndex</key>
			<string>1</string>
			<key>isa</key>
			<string>PBXFileReference</string>
			<key>lastKnownFileType</key>
			<string>text.xcconfig</string>
			<key>name</key>
			<string>Pods-TBCacaoTests.debug.xcconfig</string>
			<key>path</key>
			<string>Pods/Target Support Files/Pods-TBCacaoTests/Pods-TBCacaoTests.debug.xcconfig</string>
			<key>sourceTree</key>
			<string>&lt;group&gt;</string>
		</dict>
	</dict>
	<key>rootObject</key>
	<string>4B5CE9A516233B9700053151</string>
</dict>
</plist>
